{
  "name": "Player",
  "lockfileVersion": 2,
  "requires": true,
  "packages": {
    "": {
      "dependencies": {
        "file-saver": "^2.0.5",
        "hls.js": "^1.2.3"
      }
    },
    "node_modules/file-saver": {
      "version": "2.0.5",
      "resolved": "https://registry.npmjs.org/file-saver/-/file-saver-2.0.5.tgz",
      "integrity": "sha512-P9bmyZ3h/PRG+Nzga+rbdI4OEpNDzAVyy74uVO9ATgzLK6VtAsYybF/+TOCvrc0MO793d6+42lLyZTw7/ArVzA=="
    },
    "node_modules/hls.js": {
      "version": "1.2.3",
      "resolved": "https://registry.npmjs.org/hls.js/-/hls.js-1.2.3.tgz",
      "integrity": "sha512-CC/vHi82ldiiydIhliNI3whlcepRXxI2jdpd/KKb6lyEv+74e7lXs4cGk5PHfTLxZMKOj6+m5LX9VAbvV/r7AQ=="
    }
  },
  "dependencies": {
    "file-saver": {
      "version": "2.0.5",
      "resolved": "https://registry.npmjs.org/file-saver/-/file-saver-2.0.5.tgz",
      "integrity": "sha512-P9bmyZ3h/PRG+Nzga+rbdI4OEpNDzAVyy74uVO9ATgzLK6VtAsYybF/+TOCvrc0MO793d6+42lLyZTw7/ArVzA=="
    },
    "hls.js": {
      "version": "1.2.3",
      "resolved": "https://registry.npmjs.org/hls.js/-/hls.js-1.2.3.tgz",
      "integrity": "sha512-CC/vHi82ldiiydIhliNI3whlcepRXxI2jdpd/KKb6lyEv+74e7lXs4cGk5PHfTLxZMKOj6+m5LX9VAbvV/r7AQ=="
    }
  }
}
